
Microsoft Visual Studio Solution File, Format Version 12.00
# Visual Studio Version 16
VisualStudioVersion = 16.0.31911.196
MinimumVisualStudioVersion = 10.0.40219.1
Project("{9A19103F-16F7-4668-BE54-9A1E7A4F7556}") = "P01ReverseStrings", "P01ReverseStrings\P01ReverseStrings.csproj", "{E52210F6-C603-4EB7-B29B-743E93ADD160}"
EndProject
Project("{9A19103F-16F7-4668-BE54-9A1E7A4F7556}") = "P02StackSum", "P02StackSum\P02StackSum.csproj", "{BAC8CA9F-8430-4646-8907-CEB7F3112C2B}"
EndProject
Project("{9A19103F-16F7-4668-BE54-9A1E7A4F7556}") = "P03SimpleCalculator", "P03SimpleCalculator\P03SimpleCalculator.csproj", "{20113044-A78E-461A-A5BD-DA50C67443C8}"
EndProject
Project("{9A19103F-16F7-4668-BE54-9A1E7A4F7556}") = "P04MatchingBrackets", "P04MatchingBrackets\P04MatchingBrackets.csproj", "{89ACCBBF-1183-47AD-A709-3B0EEB733D8E}"
EndProject
Project("{9A19103F-16F7-4668-BE54-9A1E7A4F7556}") = "P05PrintEvenNumbers", "P05PrintEvenNumbers\P05PrintEvenNumbers.csproj", "{87F5EA3D-166B-45D5-82A9-33DB4AE168D4}"
EndProject
Project("{9A19103F-16F7-4668-BE54-9A1E7A4F7556}") = "P06Supermarket", "P06Supermarket\P06Supermarket.csproj", "{01CA8B0C-36E1-4E75-99F5-86C4EB799BF4}"
EndProject
Project("{FAE04EC0-301F-11D3-BF4B-00C04F79EFBC}") = "P07HotPotato", "P07HotPotato\P07HotPotato.csproj", "{EC728D85-E950-4B0F-B576-725829DCBB30}"
EndProject
Global
	GlobalSection(SolutionConfigurationPlatforms) = preSolution
		Debug|Any CPU = Debug|Any CPU
		Release|Any CPU = Release|Any CPU
	EndGlobalSection
	GlobalSection(ProjectConfigurationPlatforms) = postSolution
		{E52210F6-C603-4EB7-B29B-743E93ADD160}.Debug|Any CPU.ActiveCfg = Debug|Any CPU
		{E52210F6-C603-4EB7-B29B-743E93ADD160}.Debug|Any CPU.Build.0 = Debug|Any CPU
		{E52210F6-C603-4EB7-B29B-743E93ADD160}.Release|Any CPU.ActiveCfg = Release|Any CPU
		{E52210F6-C603-4EB7-B29B-743E93ADD160}.Release|Any CPU.Build.0 = Release|Any CPU
		{BAC8CA9F-8430-4646-8907-CEB7F3112C2B}.Debug|Any CPU.ActiveCfg = Debug|Any CPU
		{BAC8CA9F-8430-4646-8907-CEB7F3112C2B}.Debug|Any CPU.Build.0 = Debug|Any CPU
		{BAC8CA9F-8430-4646-8907-CEB7F3112C2B}.Release|Any CPU.ActiveCfg = Release|Any CPU
		{BAC8CA9F-8430-4646-8907-CEB7F3112C2B}.Release|Any CPU.Build.0 = Release|Any CPU
		{20113044-A78E-461A-A5BD-DA50C67443C8}.Debug|Any CPU.ActiveCfg = Debug|Any CPU
		{20113044-A78E-461A-A5BD-DA50C67443C8}.Debug|Any CPU.Build.0 = Debug|Any CPU
		{20113044-A78E-461A-A5BD-DA50C67443C8}.Release|Any CPU.ActiveCfg = Release|Any CPU
		{20113044-A78E-461A-A5BD-DA50C67443C8}.Release|Any CPU.Build.0 = Release|Any CPU
		{89ACCBBF-1183-47AD-A709-3B0EEB733D8E}.Debug|Any CPU.ActiveCfg = Debug|Any CPU
		{89ACCBBF-1183-47AD-A709-3B0EEB733D8E}.Debug|Any CPU.Build.0 = Debug|Any CPU
		{89ACCBBF-1183-47AD-A709-3B0EEB733D8E}.Release|Any CPU.ActiveCfg = Release|Any CPU
		{89ACCBBF-1183-47AD-A709-3B0EEB733D8E}.Release|Any CPU.Build.0 = Release|Any CPU
		{87F5EA3D-166B-45D5-82A9-33DB4AE168D4}.Debug|Any CPU.ActiveCfg = Debug|Any CPU
		{87F5EA3D-166B-45D5-82A9-33DB4AE168D4}.Debug|Any CPU.Build.0 = Debug|Any CPU
		{87F5EA3D-166B-45D5-82A9-33DB4AE168D4}.Release|Any CPU.ActiveCfg = Release|Any CPU
		{87F5EA3D-166B-45D5-82A9-33DB4AE168D4}.Release|Any CPU.Build.0 = Release|Any CPU
		{01CA8B0C-36E1-4E75-99F5-86C4EB799BF4}.Debug|Any CPU.ActiveCfg = Debug|Any CPU
		{01CA8B0C-36E1-4E75-99F5-86C4EB799BF4}.Debug|Any CPU.Build.0 = Debug|Any CPU
		{01CA8B0C-36E1-4E75-99F5-86C4EB799BF4}.Release|Any CPU.ActiveCfg = Release|Any CPU
		{01CA8B0C-36E1-4E75-99F5-86C4EB799BF4}.Release|Any CPU.Build.0 = Release|Any CPU
		{EC728D85-E950-4B0F-B576-725829DCBB30}.Debug|Any CPU.ActiveCfg = Debug|Any CPU
		{EC728D85-E950-4B0F-B576-725829DCBB30}.Debug|Any CPU.Build.0 = Debug|Any CPU
		{EC728D85-E950-4B0F-B576-725829DCBB30}.Release|Any CPU.ActiveCfg = Release|Any CPU
		{EC728D85-E950-4B0F-B576-725829DCBB30}.Release|Any CPU.Build.0 = Release|Any CPU
	EndGlobalSection
	GlobalSection(SolutionProperties) = preSolution
		HideSolutionNode = FALSE
	EndGlobalSection
	GlobalSection(ExtensibilityGlobals) = postSolution
		SolutionGuid = {831FFFFB-38EB-4F74-B029-6A98BBDD67B3}
	EndGlobalSection
EndGlobal
