
Microsoft Visual Studio Solution File, Format Version 12.00
# Visual Studio Version 16
VisualStudioVersion = 16.0.30907.101
MinimumVisualStudioVersion = 10.0.40219.1
Project("{9A19103F-16F7-4668-BE54-9A1E7A4F7556}") = "P01Train", "P01Train\P01Train.csproj", "{D43B51A1-54D4-4424-AECE-522D4D309D44}"
EndProject
Project("{9A19103F-16F7-4668-BE54-9A1E7A4F7556}") = "P02CommonElements", "P02CommonElements\P02CommonElements.csproj", "{51F588C3-E8AF-46E7-A41B-0A7F7F30675E}"
EndProject
Project("{9A19103F-16F7-4668-BE54-9A1E7A4F7556}") = "P03ZigZagArrays", "P03ZigZagArrays\P03ZigZagArrays.csproj", "{F4FA70EA-5574-465B-9AB2-6A10577A88D0}"
EndProject
Project("{9A19103F-16F7-4668-BE54-9A1E7A4F7556}") = "P04ArrayRotation", "P04ArrayRotation\P04ArrayRotation.csproj", "{96AF7DD8-9DA9-48C2-B6A9-3899C141AE9C}"
EndProject
Project("{9A19103F-16F7-4668-BE54-9A1E7A4F7556}") = "P05TopIntegers", "P05TopIntegers\P05TopIntegers.csproj", "{54152845-C046-4E31-9450-023DD08992B7}"
EndProject
Project("{9A19103F-16F7-4668-BE54-9A1E7A4F7556}") = "P07MaxSequenceОfEqualElements", "P07MaxSequenceОfEqualElements\P07MaxSequenceОfEqualElements.csproj", "{66AC9053-F9A2-4B6A-BD37-B0BDF8F4F8D6}"
EndProject
Project("{9A19103F-16F7-4668-BE54-9A1E7A4F7556}") = "P06EqualSum", "P06EqualSum\P06EqualSum.csproj", "{84D8D6C4-1FA3-49E7-B265-E756AA70CCE5}"
EndProject
Project("{FAE04EC0-301F-11D3-BF4B-00C04F79EFBC}") = "P08MagicSum", "P08MagicSum\P08MagicSum.csproj", "{BBCD09B4-8E8E-4961-B1D5-8ED113548075}"
EndProject
Project("{FAE04EC0-301F-11D3-BF4B-00C04F79EFBC}") = "P09KaminoFactory", "P09KaminoFactory\P09KaminoFactory.csproj", "{8C476ED3-A7A8-41B2-BDCB-71556652231F}"
EndProject
Project("{FAE04EC0-301F-11D3-BF4B-00C04F79EFBC}") = "P10LadyBugs", "P10LadyBugs\P10LadyBugs.csproj", "{58BD78EF-80EC-4DF3-BCF0-B58B76F3AE0D}"
EndProject
Global
	GlobalSection(SolutionConfigurationPlatforms) = preSolution
		Debug|Any CPU = Debug|Any CPU
		Release|Any CPU = Release|Any CPU
	EndGlobalSection
	GlobalSection(ProjectConfigurationPlatforms) = postSolution
		{D43B51A1-54D4-4424-AECE-522D4D309D44}.Debug|Any CPU.ActiveCfg = Debug|Any CPU
		{D43B51A1-54D4-4424-AECE-522D4D309D44}.Debug|Any CPU.Build.0 = Debug|Any CPU
		{D43B51A1-54D4-4424-AECE-522D4D309D44}.Release|Any CPU.ActiveCfg = Release|Any CPU
		{D43B51A1-54D4-4424-AECE-522D4D309D44}.Release|Any CPU.Build.0 = Release|Any CPU
		{51F588C3-E8AF-46E7-A41B-0A7F7F30675E}.Debug|Any CPU.ActiveCfg = Debug|Any CPU
		{51F588C3-E8AF-46E7-A41B-0A7F7F30675E}.Debug|Any CPU.Build.0 = Debug|Any CPU
		{51F588C3-E8AF-46E7-A41B-0A7F7F30675E}.Release|Any CPU.ActiveCfg = Release|Any CPU
		{51F588C3-E8AF-46E7-A41B-0A7F7F30675E}.Release|Any CPU.Build.0 = Release|Any CPU
		{F4FA70EA-5574-465B-9AB2-6A10577A88D0}.Debug|Any CPU.ActiveCfg = Debug|Any CPU
		{F4FA70EA-5574-465B-9AB2-6A10577A88D0}.Debug|Any CPU.Build.0 = Debug|Any CPU
		{F4FA70EA-5574-465B-9AB2-6A10577A88D0}.Release|Any CPU.ActiveCfg = Release|Any CPU
		{F4FA70EA-5574-465B-9AB2-6A10577A88D0}.Release|Any CPU.Build.0 = Release|Any CPU
		{96AF7DD8-9DA9-48C2-B6A9-3899C141AE9C}.Debug|Any CPU.ActiveCfg = Debug|Any CPU
		{96AF7DD8-9DA9-48C2-B6A9-3899C141AE9C}.Debug|Any CPU.Build.0 = Debug|Any CPU
		{96AF7DD8-9DA9-48C2-B6A9-3899C141AE9C}.Release|Any CPU.ActiveCfg = Release|Any CPU
		{96AF7DD8-9DA9-48C2-B6A9-3899C141AE9C}.Release|Any CPU.Build.0 = Release|Any CPU
		{54152845-C046-4E31-9450-023DD08992B7}.Debug|Any CPU.ActiveCfg = Debug|Any CPU
		{54152845-C046-4E31-9450-023DD08992B7}.Debug|Any CPU.Build.0 = Debug|Any CPU
		{54152845-C046-4E31-9450-023DD08992B7}.Release|Any CPU.ActiveCfg = Release|Any CPU
		{54152845-C046-4E31-9450-023DD08992B7}.Release|Any CPU.Build.0 = Release|Any CPU
		{66AC9053-F9A2-4B6A-BD37-B0BDF8F4F8D6}.Debug|Any CPU.ActiveCfg = Debug|Any CPU
		{66AC9053-F9A2-4B6A-BD37-B0BDF8F4F8D6}.Debug|Any CPU.Build.0 = Debug|Any CPU
		{66AC9053-F9A2-4B6A-BD37-B0BDF8F4F8D6}.Release|Any CPU.ActiveCfg = Release|Any CPU
		{66AC9053-F9A2-4B6A-BD37-B0BDF8F4F8D6}.Release|Any CPU.Build.0 = Release|Any CPU
		{84D8D6C4-1FA3-49E7-B265-E756AA70CCE5}.Debug|Any CPU.ActiveCfg = Debug|Any CPU
		{84D8D6C4-1FA3-49E7-B265-E756AA70CCE5}.Debug|Any CPU.Build.0 = Debug|Any CPU
		{84D8D6C4-1FA3-49E7-B265-E756AA70CCE5}.Release|Any CPU.ActiveCfg = Release|Any CPU
		{84D8D6C4-1FA3-49E7-B265-E756AA70CCE5}.Release|Any CPU.Build.0 = Release|Any CPU
		{BBCD09B4-8E8E-4961-B1D5-8ED113548075}.Debug|Any CPU.ActiveCfg = Debug|Any CPU
		{BBCD09B4-8E8E-4961-B1D5-8ED113548075}.Debug|Any CPU.Build.0 = Debug|Any CPU
		{BBCD09B4-8E8E-4961-B1D5-8ED113548075}.Release|Any CPU.ActiveCfg = Release|Any CPU
		{BBCD09B4-8E8E-4961-B1D5-8ED113548075}.Release|Any CPU.Build.0 = Release|Any CPU
		{8C476ED3-A7A8-41B2-BDCB-71556652231F}.Debug|Any CPU.ActiveCfg = Debug|Any CPU
		{8C476ED3-A7A8-41B2-BDCB-71556652231F}.Debug|Any CPU.Build.0 = Debug|Any CPU
		{8C476ED3-A7A8-41B2-BDCB-71556652231F}.Release|Any CPU.ActiveCfg = Release|Any CPU
		{8C476ED3-A7A8-41B2-BDCB-71556652231F}.Release|Any CPU.Build.0 = Release|Any CPU
		{58BD78EF-80EC-4DF3-BCF0-B58B76F3AE0D}.Debug|Any CPU.ActiveCfg = Debug|Any CPU
		{58BD78EF-80EC-4DF3-BCF0-B58B76F3AE0D}.Debug|Any CPU.Build.0 = Debug|Any CPU
		{58BD78EF-80EC-4DF3-BCF0-B58B76F3AE0D}.Release|Any CPU.ActiveCfg = Release|Any CPU
		{58BD78EF-80EC-4DF3-BCF0-B58B76F3AE0D}.Release|Any CPU.Build.0 = Release|Any CPU
	EndGlobalSection
	GlobalSection(SolutionProperties) = preSolution
		HideSolutionNode = FALSE
	EndGlobalSection
	GlobalSection(ExtensibilityGlobals) = postSolution
		SolutionGuid = {97ACAFA4-DEE2-4891-9D66-E92378F6577F}
	EndGlobalSection
EndGlobal
