
Microsoft Visual Studio Solution File, Format Version 12.00
# Visual Studio Version 16
VisualStudioVersion = 16.0.31911.196
MinimumVisualStudioVersion = 10.0.40219.1
Project("{FAE04EC0-301F-11D3-BF4B-00C04F79EFBC}") = "CustomDoublyLinkedList", "CustomDoublyLinkedList\CustomDoublyLinkedList.csproj", "{E5084575-5CD1-45DF-8782-2F257BCF6A94}"
EndProject
Global
	GlobalSection(SolutionConfigurationPlatforms) = preSolution
		Debug|Any CPU = Debug|Any CPU
		Release|Any CPU = Release|Any CPU
	EndGlobalSection
	GlobalSection(ProjectConfigurationPlatforms) = postSolution
		{E5084575-5CD1-45DF-8782-2F257BCF6A94}.Debug|Any CPU.ActiveCfg = Debug|Any CPU
		{E5084575-5CD1-45DF-8782-2F257BCF6A94}.Debug|Any CPU.Build.0 = Debug|Any CPU
		{E5084575-5CD1-45DF-8782-2F257BCF6A94}.Release|Any CPU.ActiveCfg = Release|Any CPU
		{E5084575-5CD1-45DF-8782-2F257BCF6A94}.Release|Any CPU.Build.0 = Release|Any CPU
	EndGlobalSection
	GlobalSection(SolutionProperties) = preSolution
		HideSolutionNode = FALSE
	EndGlobalSection
	GlobalSection(ExtensibilityGlobals) = postSolution
		SolutionGuid = {9FDB1EA3-52B8-405F-A450-A8FF112A72A9}
	EndGlobalSection
EndGlobal
