
Microsoft Visual Studio Solution File, Format Version 12.00
# Visual Studio Version 16
VisualStudioVersion = 16.0.31911.196
MinimumVisualStudioVersion = 10.0.40219.1
Project("{9A19103F-16F7-4668-BE54-9A1E7A4F7556}") = "P01BasicStackOperations", "P01BasicStackOperations\P01BasicStackOperations.csproj", "{AD21D43A-6B60-42A2-8E50-02AD7123BC48}"
EndProject
Project("{9A19103F-16F7-4668-BE54-9A1E7A4F7556}") = "P02BasicQueueOperations", "P02BasicQueueOperations\P02BasicQueueOperations.csproj", "{6D98A0C8-D7D5-4D31-ADF3-CC5C1E2FC110}"
EndProject
Project("{9A19103F-16F7-4668-BE54-9A1E7A4F7556}") = "P03MaximumAndMinimumElement", "P03MaximumAndMinimumElement\P03MaximumAndMinimumElement.csproj", "{4E4638B1-D7B3-43F4-86D4-8F07E8236A3A}"
EndProject
Project("{FAE04EC0-301F-11D3-BF4B-00C04F79EFBC}") = "P04FastFood", "P04FastFood\P04FastFood.csproj", "{E8F71561-5B51-43C6-A585-766F8B308430}"
EndProject
Global
	GlobalSection(SolutionConfigurationPlatforms) = preSolution
		Debug|Any CPU = Debug|Any CPU
		Release|Any CPU = Release|Any CPU
	EndGlobalSection
	GlobalSection(ProjectConfigurationPlatforms) = postSolution
		{AD21D43A-6B60-42A2-8E50-02AD7123BC48}.Debug|Any CPU.ActiveCfg = Debug|Any CPU
		{AD21D43A-6B60-42A2-8E50-02AD7123BC48}.Debug|Any CPU.Build.0 = Debug|Any CPU
		{AD21D43A-6B60-42A2-8E50-02AD7123BC48}.Release|Any CPU.ActiveCfg = Release|Any CPU
		{AD21D43A-6B60-42A2-8E50-02AD7123BC48}.Release|Any CPU.Build.0 = Release|Any CPU
		{6D98A0C8-D7D5-4D31-ADF3-CC5C1E2FC110}.Debug|Any CPU.ActiveCfg = Debug|Any CPU
		{6D98A0C8-D7D5-4D31-ADF3-CC5C1E2FC110}.Debug|Any CPU.Build.0 = Debug|Any CPU
		{6D98A0C8-D7D5-4D31-ADF3-CC5C1E2FC110}.Release|Any CPU.ActiveCfg = Release|Any CPU
		{6D98A0C8-D7D5-4D31-ADF3-CC5C1E2FC110}.Release|Any CPU.Build.0 = Release|Any CPU
		{4E4638B1-D7B3-43F4-86D4-8F07E8236A3A}.Debug|Any CPU.ActiveCfg = Debug|Any CPU
		{4E4638B1-D7B3-43F4-86D4-8F07E8236A3A}.Debug|Any CPU.Build.0 = Debug|Any CPU
		{4E4638B1-D7B3-43F4-86D4-8F07E8236A3A}.Release|Any CPU.ActiveCfg = Release|Any CPU
		{4E4638B1-D7B3-43F4-86D4-8F07E8236A3A}.Release|Any CPU.Build.0 = Release|Any CPU
		{E8F71561-5B51-43C6-A585-766F8B308430}.Debug|Any CPU.ActiveCfg = Debug|Any CPU
		{E8F71561-5B51-43C6-A585-766F8B308430}.Debug|Any CPU.Build.0 = Debug|Any CPU
		{E8F71561-5B51-43C6-A585-766F8B308430}.Release|Any CPU.ActiveCfg = Release|Any CPU
		{E8F71561-5B51-43C6-A585-766F8B308430}.Release|Any CPU.Build.0 = Release|Any CPU
	EndGlobalSection
	GlobalSection(SolutionProperties) = preSolution
		HideSolutionNode = FALSE
	EndGlobalSection
	GlobalSection(ExtensibilityGlobals) = postSolution
		SolutionGuid = {DDDD9194-1DB4-48F6-8510-E3EF2DC87A52}
	EndGlobalSection
EndGlobal
