
Microsoft Visual Studio Solution File, Format Version 12.00
# Visual Studio Version 16
VisualStudioVersion = 16.0.32106.194
MinimumVisualStudioVersion = 10.0.40219.1
Project("{FAE04EC0-301F-11D3-BF4B-00C04F79EFBC}") = "P01ListyIterator", "P01ListyIterator\P01ListyIterator.csproj", "{896B52A2-8D04-4B85-93EC-A0D2C4693D55}"
EndProject
Global
	GlobalSection(SolutionConfigurationPlatforms) = preSolution
		Debug|Any CPU = Debug|Any CPU
		Release|Any CPU = Release|Any CPU
	EndGlobalSection
	GlobalSection(ProjectConfigurationPlatforms) = postSolution
		{896B52A2-8D04-4B85-93EC-A0D2C4693D55}.Debug|Any CPU.ActiveCfg = Debug|Any CPU
		{896B52A2-8D04-4B85-93EC-A0D2C4693D55}.Debug|Any CPU.Build.0 = Debug|Any CPU
		{896B52A2-8D04-4B85-93EC-A0D2C4693D55}.Release|Any CPU.ActiveCfg = Release|Any CPU
		{896B52A2-8D04-4B85-93EC-A0D2C4693D55}.Release|Any CPU.Build.0 = Release|Any CPU
	EndGlobalSection
	GlobalSection(SolutionProperties) = preSolution
		HideSolutionNode = FALSE
	EndGlobalSection
	GlobalSection(ExtensibilityGlobals) = postSolution
		SolutionGuid = {13ADF316-289D-48CE-A434-97D024C2A539}
	EndGlobalSection
EndGlobal
