
Microsoft Visual Studio Solution File, Format Version 12.00
# Visual Studio Version 16
VisualStudioVersion = 16.0.30907.101
MinimumVisualStudioVersion = 10.0.40219.1
Project("{9A19103F-16F7-4668-BE54-9A1E7A4F7556}") = "P02OddOccurrences", "P02OddOccurrences\P02OddOccurrences.csproj", "{340B1A5F-33FA-425C-99C3-D622676D776B}"
EndProject
Project("{9A19103F-16F7-4668-BE54-9A1E7A4F7556}") = "P01CountRealNumbers", "P01CountRealNumbers\P01CountRealNumbers.csproj", "{CEDC5AF0-3C81-4D32-AA9F-113596DDBCEF}"
EndProject
Project("{9A19103F-16F7-4668-BE54-9A1E7A4F7556}") = "P03WordSynonyms", "P03WordSynonyms\P03WordSynonyms.csproj", "{CF7F588D-2443-4445-99F4-D082015A3219}"
EndProject
Project("{9A19103F-16F7-4668-BE54-9A1E7A4F7556}") = "P04Largest3Numbers", "P04Largest3Numbers\P04Largest3Numbers.csproj", "{9336D859-6286-46D6-89EC-98530233143D}"
EndProject
Project("{FAE04EC0-301F-11D3-BF4B-00C04F79EFBC}") = "P05WordFilter", "P05WordFilter\P05WordFilter.csproj", "{C4913DFF-F7C5-4426-A8FD-D6248C25DCF5}"
EndProject
Global
	GlobalSection(SolutionConfigurationPlatforms) = preSolution
		Debug|Any CPU = Debug|Any CPU
		Release|Any CPU = Release|Any CPU
	EndGlobalSection
	GlobalSection(ProjectConfigurationPlatforms) = postSolution
		{340B1A5F-33FA-425C-99C3-D622676D776B}.Debug|Any CPU.ActiveCfg = Debug|Any CPU
		{340B1A5F-33FA-425C-99C3-D622676D776B}.Debug|Any CPU.Build.0 = Debug|Any CPU
		{340B1A5F-33FA-425C-99C3-D622676D776B}.Release|Any CPU.ActiveCfg = Release|Any CPU
		{340B1A5F-33FA-425C-99C3-D622676D776B}.Release|Any CPU.Build.0 = Release|Any CPU
		{CEDC5AF0-3C81-4D32-AA9F-113596DDBCEF}.Debug|Any CPU.ActiveCfg = Debug|Any CPU
		{CEDC5AF0-3C81-4D32-AA9F-113596DDBCEF}.Debug|Any CPU.Build.0 = Debug|Any CPU
		{CEDC5AF0-3C81-4D32-AA9F-113596DDBCEF}.Release|Any CPU.ActiveCfg = Release|Any CPU
		{CEDC5AF0-3C81-4D32-AA9F-113596DDBCEF}.Release|Any CPU.Build.0 = Release|Any CPU
		{CF7F588D-2443-4445-99F4-D082015A3219}.Debug|Any CPU.ActiveCfg = Debug|Any CPU
		{CF7F588D-2443-4445-99F4-D082015A3219}.Debug|Any CPU.Build.0 = Debug|Any CPU
		{CF7F588D-2443-4445-99F4-D082015A3219}.Release|Any CPU.ActiveCfg = Release|Any CPU
		{CF7F588D-2443-4445-99F4-D082015A3219}.Release|Any CPU.Build.0 = Release|Any CPU
		{9336D859-6286-46D6-89EC-98530233143D}.Debug|Any CPU.ActiveCfg = Debug|Any CPU
		{9336D859-6286-46D6-89EC-98530233143D}.Debug|Any CPU.Build.0 = Debug|Any CPU
		{9336D859-6286-46D6-89EC-98530233143D}.Release|Any CPU.ActiveCfg = Release|Any CPU
		{9336D859-6286-46D6-89EC-98530233143D}.Release|Any CPU.Build.0 = Release|Any CPU
		{C4913DFF-F7C5-4426-A8FD-D6248C25DCF5}.Debug|Any CPU.ActiveCfg = Debug|Any CPU
		{C4913DFF-F7C5-4426-A8FD-D6248C25DCF5}.Debug|Any CPU.Build.0 = Debug|Any CPU
		{C4913DFF-F7C5-4426-A8FD-D6248C25DCF5}.Release|Any CPU.ActiveCfg = Release|Any CPU
		{C4913DFF-F7C5-4426-A8FD-D6248C25DCF5}.Release|Any CPU.Build.0 = Release|Any CPU
	EndGlobalSection
	GlobalSection(SolutionProperties) = preSolution
		HideSolutionNode = FALSE
	EndGlobalSection
	GlobalSection(ExtensibilityGlobals) = postSolution
		SolutionGuid = {5CD4C549-B5AC-4DA9-991C-507811A9FCC8}
	EndGlobalSection
EndGlobal
