
Microsoft Visual Studio Solution File, Format Version 12.00
# Visual Studio Version 16
VisualStudioVersion = 16.0.31911.196
MinimumVisualStudioVersion = 10.0.40219.1
Project("{9A19103F-16F7-4668-BE54-9A1E7A4F7556}") = "P01ActionPrint", "P01ActionPrint\P01ActionPrint.csproj", "{26D51D23-9EAB-40C8-9CBD-06E7A94D23D4}"
EndProject
Project("{FAE04EC0-301F-11D3-BF4B-00C04F79EFBC}") = "P02KnightsOfHonor", "P02KnightsOfHonor\P02KnightsOfHonor.csproj", "{0D110A63-C455-490C-8DC0-47DF383C00C0}"
EndProject
Project("{FAE04EC0-301F-11D3-BF4B-00C04F79EFBC}") = "P03CustomMinFunction", "P03CustomMinFunction\P03CustomMinFunction.csproj", "{D3911B11-9C24-4654-92A9-6E2F06E81C8D}"
EndProject
Project("{FAE04EC0-301F-11D3-BF4B-00C04F79EFBC}") = "P04FindEvensOrOdds", "P04FindEvensOrOdds\P04FindEvensOrOdds.csproj", "{1BBE0906-0A5A-43BC-B054-ED26D74282AB}"
EndProject
Project("{FAE04EC0-301F-11D3-BF4B-00C04F79EFBC}") = "P05AppliedArithmetics", "P05AppliedArithmetics\P05AppliedArithmetics.csproj", "{835B5FDF-7750-4730-B5D0-D24B667A60BB}"
EndProject
Project("{FAE04EC0-301F-11D3-BF4B-00C04F79EFBC}") = "P06ReverseAndExclude", "P06ReverseAndExclude\P06ReverseAndExclude.csproj", "{D757787A-CD00-4275-8D04-581CC2F5EBF9}"
EndProject
Project("{FAE04EC0-301F-11D3-BF4B-00C04F79EFBC}") = "P07PredicateForNames", "P07PredicateForNames\P07PredicateForNames.csproj", "{E8401A4C-90CE-49B1-90F0-07575D7268E6}"
EndProject
Project("{FAE04EC0-301F-11D3-BF4B-00C04F79EFBC}") = "P08ListOfPredicates", "P08ListOfPredicates\P08ListOfPredicates.csproj", "{F2E8CC7A-178E-44E4-8E74-ECAE63EDDB29}"
EndProject
Project("{FAE04EC0-301F-11D3-BF4B-00C04F79EFBC}") = "P09PredicateParty", "P09PredicateParty\P09PredicateParty.csproj", "{360EE785-3F86-4281-B35A-21A87C0BF658}"
EndProject
Global
	GlobalSection(SolutionConfigurationPlatforms) = preSolution
		Debug|Any CPU = Debug|Any CPU
		Release|Any CPU = Release|Any CPU
	EndGlobalSection
	GlobalSection(ProjectConfigurationPlatforms) = postSolution
		{26D51D23-9EAB-40C8-9CBD-06E7A94D23D4}.Debug|Any CPU.ActiveCfg = Debug|Any CPU
		{26D51D23-9EAB-40C8-9CBD-06E7A94D23D4}.Debug|Any CPU.Build.0 = Debug|Any CPU
		{26D51D23-9EAB-40C8-9CBD-06E7A94D23D4}.Release|Any CPU.ActiveCfg = Release|Any CPU
		{26D51D23-9EAB-40C8-9CBD-06E7A94D23D4}.Release|Any CPU.Build.0 = Release|Any CPU
		{0D110A63-C455-490C-8DC0-47DF383C00C0}.Debug|Any CPU.ActiveCfg = Debug|Any CPU
		{0D110A63-C455-490C-8DC0-47DF383C00C0}.Debug|Any CPU.Build.0 = Debug|Any CPU
		{0D110A63-C455-490C-8DC0-47DF383C00C0}.Release|Any CPU.ActiveCfg = Release|Any CPU
		{0D110A63-C455-490C-8DC0-47DF383C00C0}.Release|Any CPU.Build.0 = Release|Any CPU
		{D3911B11-9C24-4654-92A9-6E2F06E81C8D}.Debug|Any CPU.ActiveCfg = Debug|Any CPU
		{D3911B11-9C24-4654-92A9-6E2F06E81C8D}.Debug|Any CPU.Build.0 = Debug|Any CPU
		{D3911B11-9C24-4654-92A9-6E2F06E81C8D}.Release|Any CPU.ActiveCfg = Release|Any CPU
		{D3911B11-9C24-4654-92A9-6E2F06E81C8D}.Release|Any CPU.Build.0 = Release|Any CPU
		{1BBE0906-0A5A-43BC-B054-ED26D74282AB}.Debug|Any CPU.ActiveCfg = Debug|Any CPU
		{1BBE0906-0A5A-43BC-B054-ED26D74282AB}.Debug|Any CPU.Build.0 = Debug|Any CPU
		{1BBE0906-0A5A-43BC-B054-ED26D74282AB}.Release|Any CPU.ActiveCfg = Release|Any CPU
		{1BBE0906-0A5A-43BC-B054-ED26D74282AB}.Release|Any CPU.Build.0 = Release|Any CPU
		{835B5FDF-7750-4730-B5D0-D24B667A60BB}.Debug|Any CPU.ActiveCfg = Debug|Any CPU
		{835B5FDF-7750-4730-B5D0-D24B667A60BB}.Debug|Any CPU.Build.0 = Debug|Any CPU
		{835B5FDF-7750-4730-B5D0-D24B667A60BB}.Release|Any CPU.ActiveCfg = Release|Any CPU
		{835B5FDF-7750-4730-B5D0-D24B667A60BB}.Release|Any CPU.Build.0 = Release|Any CPU
		{D757787A-CD00-4275-8D04-581CC2F5EBF9}.Debug|Any CPU.ActiveCfg = Debug|Any CPU
		{D757787A-CD00-4275-8D04-581CC2F5EBF9}.Debug|Any CPU.Build.0 = Debug|Any CPU
		{D757787A-CD00-4275-8D04-581CC2F5EBF9}.Release|Any CPU.ActiveCfg = Release|Any CPU
		{D757787A-CD00-4275-8D04-581CC2F5EBF9}.Release|Any CPU.Build.0 = Release|Any CPU
		{E8401A4C-90CE-49B1-90F0-07575D7268E6}.Debug|Any CPU.ActiveCfg = Debug|Any CPU
		{E8401A4C-90CE-49B1-90F0-07575D7268E6}.Debug|Any CPU.Build.0 = Debug|Any CPU
		{E8401A4C-90CE-49B1-90F0-07575D7268E6}.Release|Any CPU.ActiveCfg = Release|Any CPU
		{E8401A4C-90CE-49B1-90F0-07575D7268E6}.Release|Any CPU.Build.0 = Release|Any CPU
		{F2E8CC7A-178E-44E4-8E74-ECAE63EDDB29}.Debug|Any CPU.ActiveCfg = Debug|Any CPU
		{F2E8CC7A-178E-44E4-8E74-ECAE63EDDB29}.Debug|Any CPU.Build.0 = Debug|Any CPU
		{F2E8CC7A-178E-44E4-8E74-ECAE63EDDB29}.Release|Any CPU.ActiveCfg = Release|Any CPU
		{F2E8CC7A-178E-44E4-8E74-ECAE63EDDB29}.Release|Any CPU.Build.0 = Release|Any CPU
		{360EE785-3F86-4281-B35A-21A87C0BF658}.Debug|Any CPU.ActiveCfg = Debug|Any CPU
		{360EE785-3F86-4281-B35A-21A87C0BF658}.Debug|Any CPU.Build.0 = Debug|Any CPU
		{360EE785-3F86-4281-B35A-21A87C0BF658}.Release|Any CPU.ActiveCfg = Release|Any CPU
		{360EE785-3F86-4281-B35A-21A87C0BF658}.Release|Any CPU.Build.0 = Release|Any CPU
	EndGlobalSection
	GlobalSection(SolutionProperties) = preSolution
		HideSolutionNode = FALSE
	EndGlobalSection
	GlobalSection(ExtensibilityGlobals) = postSolution
		SolutionGuid = {B15C7997-6DAB-4B78-B90E-93461000B21C}
	EndGlobalSection
EndGlobal
